// !$*UTF8*$!
{
	archiveVersion = 1;
	classes = {
	};
	objectVersion = 51;
	objects = {

/* Begin PBXBuildFile section */
		1F594501F74703E10620BA32 /* Pods_flixsterTests.framework in Frameworks */ = {isa = PBXBuildFile; fileRef = 074599986DF3DBC080B3E8C0 /* Pods_flixsterTests.framework */; };
		4755D0BB25C0D01A0017211D /* AppDelegate.swift in Sources */ = {isa = PBXBuildFile; fileRef = 4755D0BA25C0D01A0017211D /* AppDelegate.swift */; };
		4755D0BD25C0D01A0017211D /* SceneDelegate.swift in Sources */ = {isa = PBXBuildFile; fileRef = 4755D0BC25C0D01A0017211D /* SceneDelegate.swift */; };
		4755D0BF25C0D01A0017211D /* ViewController.swift in Sources */ = {isa = PBXBuildFile; fileRef = 4755D0BE25C0D01A0017211D /* ViewController.swift */; };
		4755D0C225C0D01A0017211D /* Main.storyboard in Resources */ = {isa = PBXBuildFile; fileRef = 4755D0C025C0D01A0017211D /* Main.storyboard */; };
		4755D0C425C0D01E0017211D /* Assets.xcassets in Resources */ = {isa = PBXBuildFile; fileRef = 4755D0C325C0D01E0017211D /* Assets.xcassets */; };
		4755D0C725C0D01E0017211D /* LaunchScreen.storyboard in Resources */ = {isa = PBXBuildFile; fileRef = 4755D0C525C0D01E0017211D /* LaunchScreen.storyboard */; };
		4755D0D225C0D01F0017211D /* flixsterTests.swift in Sources */ = {isa = PBXBuildFile; fileRef = 4755D0D125C0D01F0017211D /* flixsterTests.swift */; };
		4755D0DD25C0D01F0017211D /* flixsterUITests.swift in Sources */ = {isa = PBXBuildFile; fileRef = 4755D0DC25C0D01F0017211D /* flixsterUITests.swift */; };
		477EAB4D25C4BB3100EACC53 /* MovieCell.swift in Sources */ = {isa = PBXBuildFile; fileRef = 477EAB4C25C4BB3100EACC53 /* MovieCell.swift */; };
		47BCB17625CE04CD00A9A223 /* MovieGridController.swift in Sources */ = {isa = PBXBuildFile; fileRef = 47BCB17525CE04CD00A9A223 /* MovieGridController.swift */; };
		47BCB17B25CE096500A9A223 /* MovieGridCell.swift in Sources */ = {isa = PBXBuildFile; fileRef = 47BCB17A25CE096500A9A223 /* MovieGridCell.swift */; };
		74CD04027D41BE02BCBC36DB /* Pods_flixster_flixsterUITests.framework in Frameworks */ = {isa = PBXBuildFile; fileRef = 00ED7704787F2ED1134B0092 /* Pods_flixster_flixsterUITests.framework */; };
		EA69A7D3A3F486828A463BA4 /* Pods_flixster.framework in Frameworks */ = {isa = PBXBuildFile; fileRef = 16D91652B72E0E3434F96104 /* Pods_flixster.framework */; };
/* End PBXBuildFile section */

/* Begin PBXContainerItemProxy section */
		4755D0CE25C0D01F0017211D /* PBXContainerItemProxy */ = {
			isa = PBXContainerItemProxy;
			containerPortal = 4755D0AF25C0D01A0017211D /* Project object */;
			proxyType = 1;
			remoteGlobalIDString = 4755D0B625C0D01A0017211D;
			remoteInfo = flixster;
		};
		4755D0D925C0D01F0017211D /* PBXContainerItemProxy */ = {
			isa = PBXContainerItemProxy;
			containerPortal = 4755D0AF25C0D01A0017211D /* Project object */;
			proxyType = 1;
			remoteGlobalIDString = 4755D0B625C0D01A0017211D;
			remoteInfo = flixster;
		};
/* End PBXContainerItemProxy section */

/* Begin PBXFileReference section */
		00ED7704787F2ED1134B0092 /* Pods_flixster_flixsterUITests.framework */ = {isa = PBXFileReference; explicitFileType = wrapper.framework; includeInIndex = 0; path = Pods_flixster_flixsterUITests.framework; sourceTree = BUILT_PRODUCTS_DIR; };
		074599986DF3DBC080B3E8C0 /* Pods_flixsterTests.framework */ = {isa = PBXFileReference; explicitFileType = wrapper.framework; includeInIndex = 0; path = Pods_flixsterTests.framework; sourceTree = BUILT_PRODUCTS_DIR; };
		0D98779A03C760B8B1DB6435 /* Pods-flixster-flixsterUITests.debug.xcconfig */ = {isa = PBXFileReference; includeInIndex = 1; lastKnownFileType = text.xcconfig; name = "Pods-flixster-flixsterUITests.debug.xcconfig"; path = "Target Support Files/Pods-flixster-flixsterUITests/Pods-flixster-flixsterUITests.debug.xcconfig"; sourceTree = "<group>"; };
		0FC91703D797EBCEC68EEE19 /* Pods-flixsterTests.debug.xcconfig */ = {isa = PBXFileReference; includeInIndex = 1; lastKnownFileType = text.xcconfig; name = "Pods-flixsterTests.debug.xcconfig"; path = "Target Support Files/Pods-flixsterTests/Pods-flixsterTests.debug.xcconfig"; sourceTree = "<group>"; };
		16D91652B72E0E3434F96104 /* Pods_flixster.framework */ = {isa = PBXFileReference; explicitFileType = wrapper.framework; includeInIndex = 0; path = Pods_flixster.framework; sourceTree = BUILT_PRODUCTS_DIR; };
		1BE87CF869E515444C1F5DAB /* Pods-flixster-flixsterUITests.release.xcconfig */ = {isa = PBXFileReference; includeInIndex = 1; lastKnownFileType = text.xcconfig; name = "Pods-flixster-flixsterUITests.release.xcconfig"; path = "Target Support Files/Pods-flixster-flixsterUITests/Pods-flixster-flixsterUITests.release.xcconfig"; sourceTree = "<group>"; };
		4755D0B725C0D01A0017211D /* flixster.app */ = {isa = PBXFileReference; explicitFileType = wrapper.application; includeInIndex = 0; path = flixster.app; sourceTree = BUILT_PRODUCTS_DIR; };
		4755D0BA25C0D01A0017211D /* AppDelegate.swift */ = {isa = PBXFileReference; lastKnownFileType = sourcecode.swift; path = AppDelegate.swift; sourceTree = "<group>"; };
		4755D0BC25C0D01A0017211D /* SceneDelegate.swift */ = {isa = PBXFileReference; lastKnownFileType = sourcecode.swift; path = SceneDelegate.swift; sourceTree = "<group>"; };
		4755D0BE25C0D01A0017211D /* ViewController.swift */ = {isa = PBXFileReference; lastKnownFileType = sourcecode.swift; path = ViewController.swift; sourceTree = "<group>"; };
		4755D0C125C0D01A0017211D /* Base */ = {isa = PBXFileReference; lastKnownFileType = file.storyboard; name = Base; path = Base.lproj/Main.storyboard; sourceTree = "<group>"; };
		4755D0C325C0D01E0017211D /* Assets.xcassets */ = {isa = PBXFileReference; lastKnownFileType = folder.assetcatalog; path = Assets.xcassets; sourceTree = "<group>"; };
		4755D0C625C0D01E0017211D /* Base */ = {isa = PBXFileReference; lastKnownFileType = file.storyboard; name = Base; path = Base.lproj/LaunchScreen.storyboard; sourceTree = "<group>"; };
		4755D0C825C0D01E0017211D /* Info.plist */ = {isa = PBXFileReference; lastKnownFileType = text.plist.xml; path = Info.plist; sourceTree = "<group>"; };
		4755D0CD25C0D01F0017211D /* flixsterTests.xctest */ = {isa = PBXFileReference; explicitFileType = wrapper.cfbundle; includeInIndex = 0; path = flixsterTests.xctest; sourceTree = BUILT_PRODUCTS_DIR; };
		4755D0D125C0D01F0017211D /* flixsterTests.swift */ = {isa = PBXFileReference; lastKnownFileType = sourcecode.swift; path = flixsterTests.swift; sourceTree = "<group>"; };
		4755D0D325C0D01F0017211D /* Info.plist */ = {isa = PBXFileReference; lastKnownFileType = text.plist.xml; path = Info.plist; sourceTree = "<group>"; };
		4755D0D825C0D01F0017211D /* flixsterUITests.xctest */ = {isa = PBXFileReference; explicitFileType = wrapper.cfbundle; includeInIndex = 0; path = flixsterUITests.xctest; sourceTree = BUILT_PRODUCTS_DIR; };
		4755D0DC25C0D01F0017211D /* flixsterUITests.swift */ = {isa = PBXFileReference; lastKnownFileType = sourcecode.swift; path = flixsterUITests.swift; sourceTree = "<group>"; };
		4755D0DE25C0D01F0017211D /* Info.plist */ = {isa = PBXFileReference; lastKnownFileType = text.plist.xml; path = Info.plist; sourceTree = "<group>"; };
		477EAB4C25C4BB3100EACC53 /* MovieCell.swift */ = {isa = PBXFileReference; lastKnownFileType = sourcecode.swift; path = MovieCell.swift; sourceTree = "<group>"; };
		47BCB17525CE04CD00A9A223 /* MovieGridController.swift */ = {isa = PBXFileReference; lastKnownFileType = sourcecode.swift; path = MovieGridController.swift; sourceTree = "<group>"; };
		47BCB17A25CE096500A9A223 /* MovieGridCell.swift */ = {isa = PBXFileReference; lastKnownFileType = sourcecode.swift; path = MovieGridCell.swift; sourceTree = "<group>"; };
		7BF3205E8A49C4CA8D2CA1C9 /* Pods-flixster.debug.xcconfig */ = {isa = PBXFileReference; includeInIndex = 1; lastKnownFileType = text.xcconfig; name = "Pods-flixster.debug.xcconfig"; path = "Target Support Files/Pods-flixster/Pods-flixster.debug.xcconfig"; sourceTree = "<group>"; };
		7F38139F280CF2A7F00FDA96 /* Pods-flixster.release.xcconfig */ = {isa = PBXFileReference; includeInIndex = 1; lastKnownFileType = text.xcconfig; name = "Pods-flixster.release.xcconfig"; path = "Target Support Files/Pods-flixster/Pods-flixster.release.xcconfig"; sourceTree = "<group>"; };
		9F0C2358E2A510BB76FAE4F7 /* Pods-flixsterTests.release.xcconfig */ = {isa = PBXFileReference; includeInIndex = 1; lastKnownFileType = text.xcconfig; name = "Pods-flixsterTests.release.xcconfig"; path = "Target Support Files/Pods-flixsterTests/Pods-flixsterTests.release.xcconfig"; sourceTree = "<group>"; };
/* End PBXFileReference section */

/* Begin PBXFrameworksBuildPhase section */
		4755D0B425C0D01A0017211D /* Frameworks */ = {
			isa = PBXFrameworksBuildPhase;
			buildActionMask = 2147483647;
			files = (
				EA69A7D3A3F486828A463BA4 /* Pods_flixster.framework in Frameworks */,
			);
			runOnlyForDeploymentPostprocessing = 0;
		};
		4755D0CA25C0D01F0017211D /* Frameworks */ = {
			isa = PBXFrameworksBuildPhase;
			buildActionMask = 2147483647;
			files = (
				1F594501F74703E10620BA32 /* Pods_flixsterTests.framework in Frameworks */,
			);
			runOnlyForDeploymentPostprocessing = 0;
		};
		4755D0D525C0D01F0017211D /* Frameworks */ = {
			isa = PBXFrameworksBuildPhase;
			buildActionMask = 2147483647;
			files = (
				74CD04027D41BE02BCBC36DB /* Pods_flixster_flixsterUITests.framework in Frameworks */,
			);
			runOnlyForDeploymentPostprocessing = 0;
		};
/* End PBXFrameworksBuildPhase section */

/* Begin PBXGroup section */
		4755D0AE25C0D01A0017211D = {
			isa = PBXGroup;
			children = (
				4755D0B925C0D01A0017211D /* flixster */,
				4755D0D025C0D01F0017211D /* flixsterTests */,
				4755D0DB25C0D01F0017211D /* flixsterUITests */,
				4755D0B825C0D01A0017211D /* Products */,
				6C873B06CD361AD7D6BDC392 /* Pods */,
				F7A975DB3110B7420B6D977B /* Frameworks */,
			);
			sourceTree = "<group>";
		};
		4755D0B825C0D01A0017211D /* Products */ = {
			isa = PBXGroup;
			children = (
				4755D0B725C0D01A0017211D /* flixster.app */,
				4755D0CD25C0D01F0017211D /* flixsterTests.xctest */,
				4755D0D825C0D01F0017211D /* flixsterUITests.xctest */,
			);
			name = Products;
			sourceTree = "<group>";
		};
		4755D0B925C0D01A0017211D /* flixster */ = {
			isa = PBXGroup;
			children = (
				4755D0BA25C0D01A0017211D /* AppDelegate.swift */,
				4755D0BC25C0D01A0017211D /* SceneDelegate.swift */,
				4755D0BE25C0D01A0017211D /* ViewController.swift */,
				4755D0C025C0D01A0017211D /* Main.storyboard */,
				4755D0C325C0D01E0017211D /* Assets.xcassets */,
				4755D0C525C0D01E0017211D /* LaunchScreen.storyboard */,
				4755D0C825C0D01E0017211D /* Info.plist */,
				477EAB4C25C4BB3100EACC53 /* MovieCell.swift */,
				47BCB17525CE04CD00A9A223 /* MovieGridController.swift */,
				47BCB17A25CE096500A9A223 /* MovieGridCell.swift */,
			);
			path = flixster;
			sourceTree = "<group>";
		};
		4755D0D025C0D01F0017211D /* flixsterTests */ = {
			isa = PBXGroup;
			children = (
				4755D0D125C0D01F0017211D /* flixsterTests.swift */,
				4755D0D325C0D01F0017211D /* Info.plist */,
			);
			path = flixsterTests;
			sourceTree = "<group>";
		};
		4755D0DB25C0D01F0017211D /* flixsterUITests */ = {
			isa = PBXGroup;
			children = (
				4755D0DC25C0D01F0017211D /* flixsterUITests.swift */,
				4755D0DE25C0D01F0017211D /* Info.plist */,
			);
			path = flixsterUITests;
			sourceTree = "<group>";
		};
		6C873B06CD361AD7D6BDC392 /* Pods */ = {
			isa = PBXGroup;
			children = (
				7BF3205E8A49C4CA8D2CA1C9 /* Pods-flixster.debug.xcconfig */,
				7F38139F280CF2A7F00FDA96 /* Pods-flixster.release.xcconfig */,
				0D98779A03C760B8B1DB6435 /* Pods-flixster-flixsterUITests.debug.xcconfig */,
				1BE87CF869E515444C1F5DAB /* Pods-flixster-flixsterUITests.release.xcconfig */,
				0FC91703D797EBCEC68EEE19 /* Pods-flixsterTests.debug.xcconfig */,
				9F0C2358E2A510BB76FAE4F7 /* Pods-flixsterTests.release.xcconfig */,
			);
			path = Pods;
			sourceTree = "<group>";
		};
		F7A975DB3110B7420B6D977B /* Frameworks */ = {
			isa = PBXGroup;
			children = (
				16D91652B72E0E3434F96104 /* Pods_flixster.framework */,
				00ED7704787F2ED1134B0092 /* Pods_flixster_flixsterUITests.framework */,
				074599986DF3DBC080B3E8C0 /* Pods_flixsterTests.framework */,
			);
			name = Frameworks;
			sourceTree = "<group>";
		};
/* End PBXGroup section */

/* Begin PBXNativeTarget section */
		4755D0B625C0D01A0017211D /* flixster */ = {
			isa = PBXNativeTarget;
			buildConfigurationList = 4755D0E125C0D01F0017211D /* Build configuration list for PBXNativeTarget "flixster" */;
			buildPhases = (
				4CE8BDCD09401AE39222D9AE /* [CP] Check Pods Manifest.lock */,
				4755D0B325C0D01A0017211D /* Sources */,
				4755D0B425C0D01A0017211D /* Frameworks */,
				4755D0B525C0D01A0017211D /* Resources */,
				20B0FB7FF653767E5805DFAE /* [CP] Embed Pods Frameworks */,
			);
			buildRules = (
			);
			dependencies = (
			);
			name = flixster;
			productName = flixster;
			productReference = 4755D0B725C0D01A0017211D /* flixster.app */;
			productType = "com.apple.product-type.application";
		};
		4755D0CC25C0D01F0017211D /* flixsterTests */ = {
			isa = PBXNativeTarget;
			buildConfigurationList = 4755D0E425C0D01F0017211D /* Build configuration list for PBXNativeTarget "flixsterTests" */;
			buildPhases = (
				C9ACFE5DCA1C5CEAB80E137D /* [CP] Check Pods Manifest.lock */,
				4755D0C925C0D01F0017211D /* Sources */,
				4755D0CA25C0D01F0017211D /* Frameworks */,
				4755D0CB25C0D01F0017211D /* Resources */,
			);
			buildRules = (
			);
			dependencies = (
				4755D0CF25C0D01F0017211D /* PBXTargetDependency */,
			);
			name = flixsterTests;
			productName = flixsterTests;
			productReference = 4755D0CD25C0D01F0017211D /* flixsterTests.xctest */;
			productType = "com.apple.product-type.bundle.unit-test";
		};
		4755D0D725C0D01F0017211D /* flixsterUITests */ = {
			isa = PBXNativeTarget;
			buildConfigurationList = 4755D0E725C0D01F0017211D /* Build configuration list for PBXNativeTarget "flixsterUITests" */;
			buildPhases = (
				9EFA47452576010F7BE74A16 /* [CP] Check Pods Manifest.lock */,
				4755D0D425C0D01F0017211D /* Sources */,
				4755D0D525C0D01F0017211D /* Frameworks */,
				4755D0D625C0D01F0017211D /* Resources */,
				080165CC22EBB9B36B0BE511 /* [CP] Embed Pods Frameworks */,
			);
			buildRules = (
			);
			dependencies = (
				4755D0DA25C0D01F0017211D /* PBXTargetDependency */,
			);
			name = flixsterUITests;
			productName = flixsterUITests;
			productReference = 4755D0D825C0D01F0017211D /* flixsterUITests.xctest */;
			productType = "com.apple.product-type.bundle.ui-testing";
		};
/* End PBXNativeTarget section */

/* Begin PBXProject section */
		4755D0AF25C0D01A0017211D /* Project object */ = {
			isa = PBXProject;
			attributes = {
				LastSwiftUpdateCheck = 1230;
				LastUpgradeCheck = 1230;
				TargetAttributes = {
					4755D0B625C0D01A0017211D = {
						CreatedOnToolsVersion = 12.3;
					};
					4755D0CC25C0D01F0017211D = {
						CreatedOnToolsVersion = 12.3;
						TestTargetID = 4755D0B625C0D01A0017211D;
					};
					4755D0D725C0D01F0017211D = {
						CreatedOnToolsVersion = 12.3;
						TestTargetID = 4755D0B625C0D01A0017211D;
					};
				};
			};
			buildConfigurationList = 4755D0B225C0D01A0017211D /* Build configuration list for PBXProject "flixster" */;
			compatibilityVersion = "Xcode 9.3";
			developmentRegion = en;
			hasScannedForEncodings = 0;
			knownRegions = (
				en,
				Base,
			);
			mainGroup = 4755D0AE25C0D01A0017211D;
			productRefGroup = 4755D0B825C0D01A0017211D /* Products */;
			projectDirPath = "";
			projectRoot = "";
			targets = (
				4755D0B625C0D01A0017211D /* flixster */,
				4755D0CC25C0D01F0017211D /* flixsterTests */,
				4755D0D725C0D01F0017211D /* flixsterUITests */,
			);
		};
/* End PBXProject section */

/* Begin PBXResourcesBuildPhase section */
		4755D0B525C0D01A0017211D /* Resources */ = {
			isa = PBXResourcesBuildPhase;
			buildActionMask = 2147483647;
			files = (
				4755D0C725C0D01E0017211D /* LaunchScreen.storyboard in Resources */,
				4755D0C425C0D01E0017211D /* Assets.xcassets in Resources */,
				4755D0C225C0D01A0017211D /* Main.storyboard in Resources */,
			);
			runOnlyForDeploymentPostprocessing = 0;
		};
		4755D0CB25C0D01F0017211D /* Resources */ = {
			isa = PBXResourcesBuildPhase;
			buildActionMask = 2147483647;
			files = (
			);
			runOnlyForDeploymentPostprocessing = 0;
		};
		4755D0D625C0D01F0017211D /* Resources */ = {
			isa = PBXResourcesBuildPhase;
			buildActionMask = 2147483647;
			files = (
			);
			runOnlyForDeploymentPostprocessing = 0;
		};
/* End PBXResourcesBuildPhase section */

/* Begin PBXShellScriptBuildPhase section */
		080165CC22EBB9B36B0BE511 /* [CP] Embed Pods Frameworks */ = {
			isa = PBXShellScriptBuildPhase;
			buildActionMask = 2147483647;
			files = (
			);
			inputFileListPaths = (
				"${PODS_ROOT}/Target Support Files/Pods-flixster-flixsterUITests/Pods-flixster-flixsterUITests-frameworks-${CONFIGURATION}-input-files.xcfilelist",
			);
			name = "[CP] Embed Pods Frameworks";
			outputFileListPaths = (
				"${PODS_ROOT}/Target Support Files/Pods-flixster-flixsterUITests/Pods-flixster-flixsterUITests-frameworks-${CONFIGURATION}-output-files.xcfilelist",
			);
			runOnlyForDeploymentPostprocessing = 0;
			shellPath = /bin/sh;
			shellScript = "\"${PODS_ROOT}/Target Support Files/Pods-flixster-flixsterUITests/Pods-flixster-flixsterUITests-frameworks.sh\"\n";
			showEnvVarsInLog = 0;
		};
		20B0FB7FF653767E5805DFAE /* [CP] Embed Pods Frameworks */ = {
			isa = PBXShellScriptBuildPhase;
			buildActionMask = 2147483647;
			files = (
			);
			inputFileListPaths = (
				"${PODS_ROOT}/Target Support Files/Pods-flixster/Pods-flixster-frameworks-${CONFIGURATION}-input-files.xcfilelist",
			);
			name = "[CP] Embed Pods Frameworks";
			outputFileListPaths = (
				"${PODS_ROOT}/Target Support Files/Pods-flixster/Pods-flixster-frameworks-${CONFIGURATION}-output-files.xcfilelist",
			);
			runOnlyForDeploymentPostprocessing = 0;
			shellPath = /bin/sh;
			shellScript = "\"${PODS_ROOT}/Target Support Files/Pods-flixster/Pods-flixster-frameworks.sh\"\n";
			showEnvVarsInLog = 0;
		};
		4CE8BDCD09401AE39222D9AE /* [CP] Check Pods Manifest.lock */ = {
			isa = PBXShellScriptBuildPhase;
			buildActionMask = 2147483647;
			files = (
			);
			inputFileListPaths = (
			);
			inputPaths = (
				"${PODS_PODFILE_DIR_PATH}/Podfile.lock",
				"${PODS_ROOT}/Manifest.lock",
			);
			name = "[CP] Check Pods Manifest.lock";
			outputFileListPaths = (
			);
			outputPaths = (
				"$(DERIVED_FILE_DIR)/Pods-flixster-checkManifestLockResult.txt",
			);
			runOnlyForDeploymentPostprocessing = 0;
			shellPath = /bin/sh;
			shellScript = "diff \"${PODS_PODFILE_DIR_PATH}/Podfile.lock\" \"${PODS_ROOT}/Manifest.lock\" > /dev/null\nif [ $? != 0 ] ; then\n    # print error to STDERR\n    echo \"error: The sandbox is not in sync with the Podfile.lock. Run 'pod install' or update your CocoaPods installation.\" >&2\n    exit 1\nfi\n# This output is used by Xcode 'outputs' to avoid re-running this script phase.\necho \"SUCCESS\" > \"${SCRIPT_OUTPUT_FILE_0}\"\n";
			showEnvVarsInLog = 0;
		};
		9EFA47452576010F7BE74A16 /* [CP] Check Pods Manifest.lock */ = {
			isa = PBXShellScriptBuildPhase;
			buildActionMask = 2147483647;
			files = (
			);
			inputFileListPaths = (
			);
			inputPaths = (
				"${PODS_PODFILE_DIR_PATH}/Podfile.lock",
				"${PODS_ROOT}/Manifest.lock",
			);
			name = "[CP] Check Pods Manifest.lock";
			outputFileListPaths = (
			);
			outputPaths = (
				"$(DERIVED_FILE_DIR)/Pods-flixster-flixsterUITests-checkManifestLockResult.txt",
			);
			runOnlyForDeploymentPostprocessing = 0;
			shellPath = /bin/sh;
			shellScript = "diff \"${PODS_PODFILE_DIR_PATH}/Podfile.lock\" \"${PODS_ROOT}/Manifest.lock\" > /dev/null\nif [ $? != 0 ] ; then\n    # print error to STDERR\n    echo \"error: The sandbox is not in sync with the Podfile.lock. Run 'pod install' or update your CocoaPods installation.\" >&2\n    exit 1\nfi\n# This output is used by Xcode 'outputs' to avoid re-running this script phase.\necho \"SUCCESS\" > \"${SCRIPT_OUTPUT_FILE_0}\"\n";
			showEnvVarsInLog = 0;
		};
		C9ACFE5DCA1C5CEAB80E137D /* [CP] Check Pods Manifest.lock */ = {
			isa = PBXShellScriptBuildPhase;
			buildActionMask = 2147483647;
			files = (
			);
			inputFileListPaths = (
			);
			inputPaths = (
				"${PODS_PODFILE_DIR_PATH}/Podfile.lock",
				"${PODS_ROOT}/Manifest.lock",
			);
			name = "[CP] Check Pods Manifest.lock";
			outputFileListPaths = (
			);
			outputPaths = (
				"$(DERIVED_FILE_DIR)/Pods-flixsterTests-checkManifestLockResult.txt",
			);
			runOnlyForDeploymentPostprocessing = 0;
			shellPath = /bin/sh;
			shellScript = "diff \"${PODS_PODFILE_DIR_PATH}/Podfile.lock\" \"${PODS_ROOT}/Manifest.lock\" > /dev/null\nif [ $? != 0 ] ; then\n    # print error to STDERR\n    echo \"error: The sandbox is not in sync with the Podfile.lock. Run 'pod install' or update your CocoaPods installation.\" >&2\n    exit 1\nfi\n# This output is used by Xcode 'outputs' to avoid re-running this script phase.\necho \"SUCCESS\" > \"${SCRIPT_OUTPUT_FILE_0}\"\n";
			showEnvVarsInLog = 0;
		};
/* End PBXShellScriptBuildPhase section */

/* Begin PBXSourcesBuildPhase section */
		4755D0B325C0D01A0017211D /* Sources */ = {
			isa = PBXSourcesBuildPhase;
			buildActionMask = 2147483647;
			files = (
				4755D0BF25C0D01A0017211D /* ViewController.swift in Sources */,
				47BCB17625CE04CD00A9A223 /* MovieGridController.swift in Sources */,
				4755D0BB25C0D01A0017211D /* AppDelegate.swift in Sources */,
				477EAB4D25C4BB3100EACC53 /* MovieCell.swift in Sources */,
				47BCB17B25CE096500A9A223 /* MovieGridCell.swift in Sources */,
				4755D0BD25C0D01A0017211D /* SceneDelegate.swift in Sources */,
			);
			runOnlyForDeploymentPostprocessing = 0;
		};
		4755D0C925C0D01F0017211D /* Sources */ = {
			isa = PBXSourcesBuildPhase;
			buildActionMask = 2147483647;
			files = (
				4755D0D225C0D01F0017211D /* flixsterTests.swift in Sources */,
			);
			runOnlyForDeploymentPostprocessing = 0;
		};
		4755D0D425C0D01F0017211D /* Sources */ = {
			isa = PBXSourcesBuildPhase;
			buildActionMask = 2147483647;
			files = (
				4755D0DD25C0D01F0017211D /* flixsterUITests.swift in Sources */,
			);
			runOnlyForDeploymentPostprocessing = 0;
		};
/* End PBXSourcesBuildPhase section */

/* Begin PBXTargetDependency section */
		4755D0CF25C0D01F0017211D /* PBXTargetDependency */ = {
			isa = PBXTargetDependency;
			target = 4755D0B625C0D01A0017211D /* flixster */;
			targetProxy = 4755D0CE25C0D01F0017211D /* PBXContainerItemProxy */;
		};
		4755D0DA25C0D01F0017211D /* PBXTargetDependency */ = {
			isa = PBXTargetDependency;
			target = 4755D0B625C0D01A0017211D /* flixster */;
			targetProxy = 4755D0D925C0D01F0017211D /* PBXContainerItemProxy */;
		};
/* End PBXTargetDependency section */

/* Begin PBXVariantGroup section */
		4755D0C025C0D01A0017211D /* Main.storyboard */ = {
			isa = PBXVariantGroup;
			children = (
				4755D0C125C0D01A0017211D /* Base */,
			);
			name = Main.storyboard;
			sourceTree = "<group>";
		};
		4755D0C525C0D01E0017211D /* LaunchScreen.storyboard */ = {
			isa = PBXVariantGroup;
			children = (
				4755D0C625C0D01E0017211D /* Base */,
			);
			name = LaunchScreen.storyboard;
			sourceTree = "<group>";
		};
/* End PBXVariantGroup section */

/* Begin XCBuildConfiguration section */
		4755D0DF25C0D01F0017211D /* Debug */ = {
			isa = XCBuildConfiguration;
			buildSettings = {
				ALWAYS_SEARCH_USER_PATHS = NO;
				CLANG_ANALYZER_NONNULL = YES;
				CLANG_ANALYZER_NUMBER_OBJECT_CONVERSION = YES_AGGRESSIVE;
				CLANG_CXX_LANGUAGE_STANDARD = "gnu++14";
				CLANG_CXX_LIBRARY = "libc++";
				CLANG_ENABLE_MODULES = YES;
				CLANG_ENABLE_OBJC_ARC = YES;
				CLANG_ENABLE_OBJC_WEAK = YES;
				CLANG_WARN_BLOCK_CAPTURE_AUTORELEASING = YES;
				CLANG_WARN_BOOL_CONVERSION = YES;
				CLANG_WARN_COMMA = YES;
				CLANG_WARN_CONSTANT_CONVERSION = YES;
				CLANG_WARN_DEPRECATED_OBJC_IMPLEMENTATIONS = YES;
				CLANG_WARN_DIRECT_OBJC_ISA_USAGE = YES_ERROR;
				CLANG_WARN_DOCUMENTATION_COMMENTS = YES;
				CLANG_WARN_EMPTY_BODY = YES;
				CLANG_WARN_ENUM_CONVERSION = YES;
				CLANG_WARN_INFINITE_RECURSION = YES;
				CLANG_WARN_INT_CONVERSION = YES;
				CLANG_WARN_NON_LITERAL_NULL_CONVERSION = YES;
				CLANG_WARN_OBJC_IMPLICIT_RETAIN_SELF = YES;
				CLANG_WARN_OBJC_LITERAL_CONVERSION = YES;
				CLANG_WARN_OBJC_ROOT_CLASS = YES_ERROR;
				CLANG_WARN_QUOTED_INCLUDE_IN_FRAMEWORK_HEADER = YES;
				CLANG_WARN_RANGE_LOOP_ANALYSIS = YES;
				CLANG_WARN_STRICT_PROTOTYPES = YES;
				CLANG_WARN_SUSPICIOUS_MOVE = YES;
				CLANG_WARN_UNGUARDED_AVAILABILITY = YES_AGGRESSIVE;
				CLANG_WARN_UNREACHABLE_CODE = YES;
				CLANG_WARN__DUPLICATE_METHOD_MATCH = YES;
				COPY_PHASE_STRIP = NO;
				DEBUG_INFORMATION_FORMAT = dwarf;
				ENABLE_STRICT_OBJC_MSGSEND = YES;
				ENABLE_TESTABILITY = YES;
				GCC_C_LANGUAGE_STANDARD = gnu11;
				GCC_DYNAMIC_NO_PIC = NO;
				GCC_NO_COMMON_BLOCKS = YES;
				GCC_OPTIMIZATION_LEVEL = 0;
				GCC_PREPROCESSOR_DEFINITIONS = (
					"DEBUG=1",
					"$(inherited)",
				);
				GCC_WARN_64_TO_32_BIT_CONVERSION = YES;
				GCC_WARN_ABOUT_RETURN_TYPE = YES_ERROR;
				GCC_WARN_UNDECLARED_SELECTOR = YES;
				GCC_WARN_UNINITIALIZED_AUTOS = YES_AGGRESSIVE;
				GCC_WARN_UNUSED_FUNCTION = YES;
				GCC_WARN_UNUSED_VARIABLE = YES;
				IPHONEOS_DEPLOYMENT_TARGET = 14.3;
				MTL_ENABLE_DEBUG_INFO = INCLUDE_SOURCE;
				MTL_FAST_MATH = YES;
				ONLY_ACTIVE_ARCH = YES;
				SDKROOT = iphoneos;
				SWIFT_ACTIVE_COMPILATION_CONDITIONS = DEBUG;
				SWIFT_OPTIMIZATION_LEVEL = "-Onone";
			};
			name = Debug;
		};
		4755D0E025C0D01F0017211D /* Release */ = {
			isa = XCBuildConfiguration;
			buildSettings = {
				ALWAYS_SEARCH_USER_PATHS = NO;
				CLANG_ANALYZER_NONNULL = YES;
				CLANG_ANALYZER_NUMBER_OBJECT_CONVERSION = YES_AGGRESSIVE;
				CLANG_CXX_LANGUAGE_STANDARD = "gnu++14";
				CLANG_CXX_LIBRARY = "libc++";
				CLANG_ENABLE_MODULES = YES;
				CLANG_ENABLE_OBJC_ARC = YES;
				CLANG_ENABLE_OBJC_WEAK = YES;
				CLANG_WARN_BLOCK_CAPTURE_AUTORELEASING = YES;
				CLANG_WARN_BOOL_CONVERSION = YES;
				CLANG_WARN_COMMA = YES;
				CLANG_WARN_CONSTANT_CONVERSION = YES;
				CLANG_WARN_DEPRECATED_OBJC_IMPLEMENTATIONS = YES;
				CLANG_WARN_DIRECT_OBJC_ISA_USAGE = YES_ERROR;
				CLANG_WARN_DOCUMENTATION_COMMENTS = YES;
				CLANG_WARN_EMPTY_BODY = YES;
				CLANG_WARN_ENUM_CONVERSION = YES;
				CLANG_WARN_INFINITE_RECURSION = YES;
				CLANG_WARN_INT_CONVERSION = YES;
				CLANG_WARN_NON_LITERAL_NULL_CONVERSION = YES;
				CLANG_WARN_OBJC_IMPLICIT_RETAIN_SELF = YES;
				CLANG_WARN_OBJC_LITERAL_CONVERSION = YES;
				CLANG_WARN_OBJC_ROOT_CLASS = YES_ERROR;
				CLANG_WARN_QUOTED_INCLUDE_IN_FRAMEWORK_HEADER = YES;
				CLANG_WARN_RANGE_LOOP_ANALYSIS = YES;
				CLANG_WARN_STRICT_PROTOTYPES = YES;
				CLANG_WARN_SUSPICIOUS_MOVE = YES;
				CLANG_WARN_UNGUARDED_AVAILABILITY = YES_AGGRESSIVE;
				CLANG_WARN_UNREACHABLE_CODE = YES;
				CLANG_WARN__DUPLICATE_METHOD_MATCH = YES;
				COPY_PHASE_STRIP = NO;
				DEBUG_INFORMATION_FORMAT = "dwarf-with-dsym";
				ENABLE_NS_ASSERTIONS = NO;
				ENABLE_STRICT_OBJC_MSGSEND = YES;
				GCC_C_LANGUAGE_STANDARD = gnu11;
				GCC_NO_COMMON_BLOCKS = YES;
				GCC_WARN_64_TO_32_BIT_CONVERSION = YES;
				GCC_WARN_ABOUT_RETURN_TYPE = YES_ERROR;
				GCC_WARN_UNDECLARED_SELECTOR = YES;
				GCC_WARN_UNINITIALIZED_AUTOS = YES_AGGRESSIVE;
				GCC_WARN_UNUSED_FUNCTION = YES;
				GCC_WARN_UNUSED_VARIABLE = YES;
				IPHONEOS_DEPLOYMENT_TARGET = 14.3;
				MTL_ENABLE_DEBUG_INFO = NO;
				MTL_FAST_MATH = YES;
				SDKROOT = iphoneos;
				SWIFT_COMPILATION_MODE = wholemodule;
				SWIFT_OPTIMIZATION_LEVEL = "-O";
				VALIDATE_PRODUCT = YES;
			};
			name = Release;
		};
		4755D0E225C0D01F0017211D /* Debug */ = {
			isa = XCBuildConfiguration;
			baseConfigurationReference = 7BF3205E8A49C4CA8D2CA1C9 /* Pods-flixster.debug.xcconfig */;
			buildSettings = {
				ASSETCATALOG_COMPILER_APPICON_NAME = AppIcon;
				ASSETCATALOG_COMPILER_GLOBAL_ACCENT_COLOR_NAME = AccentColor;
				CODE_SIGN_STYLE = Automatic;
				INFOPLIST_FILE = flixster/Info.plist;
				LD_RUNPATH_SEARCH_PATHS = (
					"$(inherited)",
					"@executable_path/Frameworks",
				);
				PRODUCT_BUNDLE_IDENTIFIER = "yu.vincent-outlook.com.flixster";
				PRODUCT_NAME = "$(TARGET_NAME)";
				SWIFT_VERSION = 5.0;
				TARGETED_DEVICE_FAMILY = "1,2";
			};
			name = Debug;
		};
		4755D0E325C0D01F0017211D /* Release */ = {
			isa = XCBuildConfiguration;
			baseConfigurationReference = 7F38139F280CF2A7F00FDA96 /* Pods-flixster.release.xcconfig */;
			buildSettings = {
				ASSETCATALOG_COMPILER_APPICON_NAME = AppIcon;
				ASSETCATALOG_COMPILER_GLOBAL_ACCENT_COLOR_NAME = AccentColor;
				CODE_SIGN_STYLE = Automatic;
				INFOPLIST_FILE = flixster/Info.plist;
				LD_RUNPATH_SEARCH_PATHS = (
					"$(inherited)",
					"@executable_path/Frameworks",
				);
				PRODUCT_BUNDLE_IDENTIFIER = "yu.vincent-outlook.com.flixster";
				PRODUCT_NAME = "$(TARGET_NAME)";
				SWIFT_VERSION = 5.0;
				TARGETED_DEVICE_FAMILY = "1,2";
			};
			name = Release;
		};
		4755D0E525C0D01F0017211D /* Debug */ = {
			isa = XCBuildConfiguration;
			baseConfigurationReference = 0FC91703D797EBCEC68EEE19 /* Pods-flixsterTests.debug.xcconfig */;
			buildSettings = {
				ALWAYS_EMBED_SWIFT_STANDARD_LIBRARIES = YES;
				BUNDLE_LOADER = "$(TEST_HOST)";
				CODE_SIGN_STYLE = Automatic;
				INFOPLIST_FILE = flixsterTests/Info.plist;
				IPHONEOS_DEPLOYMENT_TARGET = 14.3;
				LD_RUNPATH_SEARCH_PATHS = (
					"$(inherited)",
					"@executable_path/Frameworks",
					"@loader_path/Frameworks",
				);
				PRODUCT_BUNDLE_IDENTIFIER = "yu.vincent-outlook.com.flixsterTests";
				PRODUCT_NAME = "$(TARGET_NAME)";
				SWIFT_VERSION = 5.0;
				TARGETED_DEVICE_FAMILY = "1,2";
				TEST_HOST = "$(BUILT_PRODUCTS_DIR)/flixster.app/flixster";
			};
			name = Debug;
		};
		4755D0E625C0D01F0017211D /* Release */ = {
			isa = XCBuildConfiguration;
			baseConfigurationReference = 9F0C2358E2A510BB76FAE4F7 /* Pods-flixsterTests.release.xcconfig */;
			buildSettings = {
				ALWAYS_EMBED_SWIFT_STANDARD_LIBRARIES = YES;
				BUNDLE_LOADER = "$(TEST_HOST)";
				CODE_SIGN_STYLE = Automatic;
				INFOPLIST_FILE = flixsterTests/Info.plist;
				IPHONEOS_DEPLOYMENT_TARGET = 14.3;
				LD_RUNPATH_SEARCH_PATHS = (
					"$(inherited)",
					"@executable_path/Frameworks",
					"@loader_path/Frameworks",
				);
				PRODUCT_BUNDLE_IDENTIFIER = "yu.vincent-outlook.com.flixsterTests";
				PRODUCT_NAME = "$(TARGET_NAME)";
				SWIFT_VERSION = 5.0;
				TARGETED_DEVICE_FAMILY = "1,2";
				TEST_HOST = "$(BUILT_PRODUCTS_DIR)/flixster.app/flixster";
			};
			name = Release;
		};
		4755D0E825C0D01F0017211D /* Debug */ = {
			isa = XCBuildConfiguration;
			baseConfigurationReference = 0D98779A03C760B8B1DB6435 /* Pods-flixster-flixsterUITests.debug.xcconfig */;
			buildSettings = {
				ALWAYS_EMBED_SWIFT_STANDARD_LIBRARIES = YES;
				CODE_SIGN_STYLE = Automatic;
				INFOPLIST_FILE = flixsterUITests/Info.plist;
				LD_RUNPATH_SEARCH_PATHS = (
					"$(inherited)",
					"@executable_path/Frameworks",
					"@loader_path/Frameworks",
				);
				PRODUCT_BUNDLE_IDENTIFIER = "yu.vincent-outlook.com.flixsterUITests";
				PRODUCT_NAME = "$(TARGET_NAME)";
				SWIFT_VERSION = 5.0;
				TARGETED_DEVICE_FAMILY = "1,2";
				TEST_TARGET_NAME = flixster;
			};
			name = Debug;
		};
		4755D0E925C0D01F0017211D /* Release */ = {
			isa = XCBuildConfiguration;
			baseConfigurationReference = 1BE87CF869E515444C1F5DAB /* Pods-flixster-flixsterUITests.release.xcconfig */;
			buildSettings = {
				ALWAYS_EMBED_SWIFT_STANDARD_LIBRARIES = YES;
				CODE_SIGN_STYLE = Automatic;
				INFOPLIST_FILE = flixsterUITests/Info.plist;
				LD_RUNPATH_SEARCH_PATHS = (
					"$(inherited)",
					"@executable_path/Frameworks",
					"@loader_path/Frameworks",
				);
				PRODUCT_BUNDLE_IDENTIFIER = "yu.vincent-outlook.com.flixsterUITests";
				PRODUCT_NAME = "$(TARGET_NAME)";
				SWIFT_VERSION = 5.0;
				TARGETED_DEVICE_FAMILY = "1,2";
				TEST_TARGET_NAME = flixster;
			};
			name = Release;
		};
/* End XCBuildConfiguration section */

/* Begin XCConfigurationList section */
		4755D0B225C0D01A0017211D /* Build configuration list for PBXProject "flixster" */ = {
			isa = XCConfigurationList;
			buildConfigurations = (
				4755D0DF25C0D01F0017211D /* Debug */,
				4755D0E025C0D01F0017211D /* Release */,
			);
			defaultConfigurationIsVisible = 0;
			defaultConfigurationName = Release;
		};
		4755D0E125C0D01F0017211D /* Build configuration list for PBXNativeTarget "flixster" */ = {
			isa = XCConfigurationList;
			buildConfigurations = (
				4755D0E225C0D01F0017211D /* Debug */,
				4755D0E325C0D01F0017211D /* Release */,
			);
			defaultConfigurationIsVisible = 0;
			defaultConfigurationName = Release;
		};
		4755D0E425C0D01F0017211D /* Build configuration list for PBXNativeTarget "flixsterTests" */ = {
			isa = XCConfigurationList;
			buildConfigurations = (
				4755D0E525C0D01F0017211D /* Debug */,
				4755D0E625C0D01F0017211D /* Release */,
			);
			defaultConfigurationIsVisible = 0;
			defaultConfigurationName = Release;
		};
		4755D0E725C0D01F0017211D /* Build configuration list for PBXNativeTarget "flixsterUITests" */ = {
			isa = XCConfigurationList;
			buildConfigurations = (
				4755D0E825C0D01F0017211D /* Debug */,
				4755D0E925C0D01F0017211D /* Release */,
			);
			defaultConfigurationIsVisible = 0;
			defaultConfigurationName = Release;
		};
/* End XCConfigurationList section */
	};
	rootObject = 4755D0AF25C0D01A0017211D /* Project object */;
}
